# This file is autogenerated, do not edit; changes may be undone by the next 'dep ensure'.


[[projects]]
  name = "github.com/go-errors/errors"
  packages = ["."]
  revision = "a6af135bd4e28680facf08a3d206b454abc877a4"
  version = "v1.0.1"

[[projects]]
  branch = "master"
  name = "github.com/gordonklaus/portaudio"
  packages = ["."]
  revision = "e66c30a9c4ca11f93538cf8c004831bfb76f3838"

[[projects]]
  name = "github.com/mattn/go-runewidth"
  packages = ["."]
  revision = "9e777a8366cce605130a531d2cd6363d07ad7317"
  version = "v0.0.2"

[[projects]]
  branch = "master"
  name = "github.com/nsf/termbox-go"
  packages = ["."]
  revision = "7cbfaac9e282b3ea0cefeddc67b2c3ed3aaf97bc"

[[projects]]
  name = "github.com/pkg/errors"
  packages = ["."]
  revision = "645ef00459ed84a119197bfb8d8205042c6df63d"
  version = "v0.8.0"

[[projects]]
  name = "github.com/segmentio/go-loggly"
  packages = ["."]
  revision = "3e0cec4266ddf583aecef51bb8e9badc3cca5314"
  version = "v0.5.0"

[[projects]]
  branch = "master"
  name = "github.com/siggy/rpi_ws281x"
  packages = ["golang/ws2811"]
  revision = "f0614f8b2ecf594d72ddf3f37df711f7ad31dc88"

[[projects]]
  name = "github.com/sirupsen/logrus"
  packages = [
    ".",
    "hooks/test"
  ]
  revision = "c155da19408a8799da419ed3eeb0cb5db0ad5dbc"
  version = "v1.0.5"

[[projects]]
  branch = "master"
  name = "github.com/stellar/go"
  packages = [
    "support/errors",
    "support/http/mutil",
    "support/log"
  ]
  revision = "9eb9682656c21d73a8fef16813872398ae6a6b6c"

[[projects]]
  name = "github.com/stianeikeland/go-rpio"
  packages = ["."]
  revision = "a6b0dffd47b6b1ddf7f1bfe2144f05bf335e911d"
  version = "4.0.0"

[[projects]]
  branch = "master"
  name = "github.com/youpy/go-riff"
  packages = ["."]
  revision = "557d78c11efbdcdf178bf52723cfba91f02e0bb2"

[[projects]]
  branch = "master"
  name = "github.com/youpy/go-wav"
  packages = ["."]
  revision = "b63a9887d320becede259f24ba8ba7b2459659da"

[[projects]]
  branch = "master"
  name = "golang.org/x/crypto"
  packages = ["ssh/terminal"]
  revision = "e73bf333ef8920dbb52ad18d4bd38ad9d9bc76d7"

[[projects]]
  branch = "master"
  name = "golang.org/x/sys"
  packages = [
    "unix",
    "windows"
  ]
  revision = "79b0c6888797020a994db17c8510466c72fe75d9"

[solve-meta]
  analyzer-name = "dep"
  analyzer-version = 1
  inputs-digest = "509b5f73b08976a9c6aba3566d061e564a12d6ca2e4ee1ddf1813184882539fa"
  solver-name = "gps-cdcl"
  solver-version = 1
