# This file is autogenerated, do not edit; changes may be undone by the next 'dep ensure'.


[[projects]]
  branch = "master"
  name = "github.com/gordonklaus/portaudio"
  packages = ["."]
  revision = "e66c30a9c4ca11f93538cf8c004831bfb76f3838"

[[projects]]
  name = "github.com/gorilla/websocket"
  packages = ["."]
  revision = "ea4d1f681babbce9545c9c5f3d5194a789c89f5b"
  version = "v1.2.0"

[[projects]]
  name = "github.com/mattn/go-runewidth"
  packages = ["."]
  revision = "9e777a8366cce605130a531d2cd6363d07ad7317"
  version = "v0.0.2"

[[projects]]
  branch = "master"
  name = "github.com/nsf/termbox-go"
  packages = ["."]
  revision = "5c94acc5e6eb520f1bcd183974e01171cc4c23b3"

[[projects]]
  branch = "master"
  name = "github.com/siggy/rpi_ws281x"
  packages = ["golang/ws2811"]
  revision = "f0614f8b2ecf594d72ddf3f37df711f7ad31dc88"

[[projects]]
  name = "github.com/sirupsen/logrus"
  packages = ["."]
  revision = "3e01752db0189b9157070a0e1668a620f9a85da2"
  version = "v1.0.6"

[[projects]]
  name = "github.com/stianeikeland/go-rpio"
  packages = ["."]
  revision = "3abdd2207d33843c1c3fbea540bdf07990075c03"
  version = "4.1.0"

[[projects]]
  branch = "master"
  name = "github.com/youpy/go-riff"
  packages = ["."]
  revision = "557d78c11efbdcdf178bf52723cfba91f02e0bb2"

[[projects]]
  branch = "master"
  name = "github.com/youpy/go-wav"
  packages = ["."]
  revision = "b63a9887d320becede259f24ba8ba7b2459659da"

[[projects]]
  branch = "master"
  name = "golang.org/x/crypto"
  packages = ["ssh/terminal"]
  revision = "c126467f60eb25f8f27e5a981f32a87e3965053f"

[[projects]]
  branch = "master"
  name = "golang.org/x/sys"
  packages = [
    "unix",
    "windows"
  ]
  revision = "bd9dbc187b6e1dacfdd2722a87e83093c2d7bd6e"

[solve-meta]
  analyzer-name = "dep"
  analyzer-version = 1
  inputs-digest = "c7fb0724b787a7a5d29739eacdec610a86f323f8cea682e68d41ba84e2246da9"
  solver-name = "gps-cdcl"
  solver-version = 1
